// !$*UTF8*$!
{
	archiveVersion = 1;
	classes = {
	};
	objectVersion = 50;
	objects = {

/* Begin PBXBuildFile section */
		912591D322553217006E5A28 /* AppDelegate.swift in Sources */ = {isa = PBXBuildFile; fileRef = 912591D222553217006E5A28 /* AppDelegate.swift */; };
		912591D522553217006E5A28 /* LoginViewController.swift in Sources */ = {isa = PBXBuildFile; fileRef = 912591D422553217006E5A28 /* LoginViewController.swift */; };
		912591D822553217006E5A28 /* Main.storyboard in Resources */ = {isa = PBXBuildFile; fileRef = 912591D622553217006E5A28 /* Main.storyboard */; };
		912591DA2255321C006E5A28 /* Assets.xcassets in Resources */ = {isa = PBXBuildFile; fileRef = 912591D92255321C006E5A28 /* Assets.xcassets */; };
		912591DD2255321C006E5A28 /* LaunchScreen.storyboard in Resources */ = {isa = PBXBuildFile; fileRef = 912591DB2255321C006E5A28 /* LaunchScreen.storyboard */; };
		912591E822553872006E5A28 /* AppColors.xcassets in Resources */ = {isa = PBXBuildFile; fileRef = 912591E722553872006E5A28 /* AppColors.xcassets */; };
		912591F222553B88006E5A28 /* DesappstreSecureKit.h in Headers */ = {isa = PBXBuildFile; fileRef = 912591F022553B88006E5A28 /* DesappstreSecureKit.h */; settings = {ATTRIBUTES = (Public, ); }; };
		912591F522553B88006E5A28 /* DesappstreSecureKit.framework in Frameworks */ = {isa = PBXBuildFile; fileRef = 912591EE22553B87006E5A28 /* DesappstreSecureKit.framework */; };
		912591F622553B88006E5A28 /* DesappstreSecureKit.framework in Embed Frameworks */ = {isa = PBXBuildFile; fileRef = 912591EE22553B87006E5A28 /* DesappstreSecureKit.framework */; settings = {ATTRIBUTES = (CodeSignOnCopy, RemoveHeadersOnCopy, ); }; };
		912591FD22553BF3006E5A28 /* SecurityBC.swift in Sources */ = {isa = PBXBuildFile; fileRef = 912591FC22553BF3006E5A28 /* SecurityBC.swift */; };
/* End PBXBuildFile section */

/* Begin PBXContainerItemProxy section */
		912591F322553B88006E5A28 /* PBXContainerItemProxy */ = {
			isa = PBXContainerItemProxy;
			containerPortal = 912591C722553217006E5A28 /* Project object */;
			proxyType = 1;
			remoteGlobalIDString = 912591ED22553B87006E5A28;
			remoteInfo = DesappstreSecureKit;
		};
/* End PBXContainerItemProxy section */

/* Begin PBXCopyFilesBuildPhase section */
		912591FA22553B88006E5A28 /* Embed Frameworks */ = {
			isa = PBXCopyFilesBuildPhase;
			buildActionMask = 2147483647;
			dstPath = "";
			dstSubfolderSpec = 10;
			files = (
				912591F622553B88006E5A28 /* DesappstreSecureKit.framework in Embed Frameworks */,
			);
			name = "Embed Frameworks";
			runOnlyForDeploymentPostprocessing = 0;
		};
/* End PBXCopyFilesBuildPhase section */

/* Begin PBXFileReference section */
		912591CF22553217006E5A28 /* Desappstre Keychain.app */ = {isa = PBXFileReference; explicitFileType = wrapper.application; includeInIndex = 0; path = "Desappstre Keychain.app"; sourceTree = BUILT_PRODUCTS_DIR; };
		912591D222553217006E5A28 /* AppDelegate.swift */ = {isa = PBXFileReference; lastKnownFileType = sourcecode.swift; path = AppDelegate.swift; sourceTree = "<group>"; };
		912591D422553217006E5A28 /* LoginViewController.swift */ = {isa = PBXFileReference; lastKnownFileType = sourcecode.swift; path = LoginViewController.swift; sourceTree = "<group>"; };
		912591D722553217006E5A28 /* Base */ = {isa = PBXFileReference; lastKnownFileType = file.storyboard; name = Base; path = Base.lproj/Main.storyboard; sourceTree = "<group>"; };
		912591D92255321C006E5A28 /* Assets.xcassets */ = {isa = PBXFileReference; lastKnownFileType = folder.assetcatalog; path = Assets.xcassets; sourceTree = "<group>"; };
		912591DC2255321C006E5A28 /* Base */ = {isa = PBXFileReference; lastKnownFileType = file.storyboard; name = Base; path = Base.lproj/LaunchScreen.storyboard; sourceTree = "<group>"; };
		912591DE2255321C006E5A28 /* Info.plist */ = {isa = PBXFileReference; lastKnownFileType = text.plist.xml; path = Info.plist; sourceTree = "<group>"; };
		912591E722553872006E5A28 /* AppColors.xcassets */ = {isa = PBXFileReference; lastKnownFileType = folder.assetcatalog; path = AppColors.xcassets; sourceTree = "<group>"; };
		912591EE22553B87006E5A28 /* DesappstreSecureKit.framework */ = {isa = PBXFileReference; explicitFileType = wrapper.framework; includeInIndex = 0; path = DesappstreSecureKit.framework; sourceTree = BUILT_PRODUCTS_DIR; };
		912591F022553B88006E5A28 /* DesappstreSecureKit.h */ = {isa = PBXFileReference; lastKnownFileType = sourcecode.c.h; path = DesappstreSecureKit.h; sourceTree = "<group>"; };
		912591F122553B88006E5A28 /* Info.plist */ = {isa = PBXFileReference; lastKnownFileType = text.plist.xml; path = Info.plist; sourceTree = "<group>"; };
		912591FC22553BF3006E5A28 /* SecurityBC.swift */ = {isa = PBXFileReference; lastKnownFileType = sourcecode.swift; path = SecurityBC.swift; sourceTree = "<group>"; };
/* End PBXFileReference section */

/* Begin PBXFrameworksBuildPhase section */
		912591CC22553217006E5A28 /* Frameworks */ = {
			isa = PBXFrameworksBuildPhase;
			buildActionMask = 2147483647;
			files = (
				912591F522553B88006E5A28 /* DesappstreSecureKit.framework in Frameworks */,
			);
			runOnlyForDeploymentPostprocessing = 0;
		};
		912591EB22553B87006E5A28 /* Frameworks */ = {
			isa = PBXFrameworksBuildPhase;
			buildActionMask = 2147483647;
			files = (
			);
			runOnlyForDeploymentPostprocessing = 0;
		};
/* End PBXFrameworksBuildPhase section */

/* Begin PBXGroup section */
		912591C622553217006E5A28 = {
			isa = PBXGroup;
			children = (
				912591D122553217006E5A28 /* Desappstre Keychain */,
				912591EF22553B88006E5A28 /* DesappstreSecureKit */,
				912591D022553217006E5A28 /* Products */,
			);
			sourceTree = "<group>";
		};
		912591D022553217006E5A28 /* Products */ = {
			isa = PBXGroup;
			children = (
				912591CF22553217006E5A28 /* Desappstre Keychain.app */,
				912591EE22553B87006E5A28 /* DesappstreSecureKit.framework */,
			);
			name = Products;
			sourceTree = "<group>";
		};
		912591D122553217006E5A28 /* Desappstre Keychain */ = {
			isa = PBXGroup;
			children = (
				912591DE2255321C006E5A28 /* Info.plist */,
				912591D222553217006E5A28 /* AppDelegate.swift */,
				912591E62255325B006E5A28 /* Views */,
				912591E52255324C006E5A28 /* Resources */,
				912591E422553233006E5A28 /* Controllers */,
			);
			path = "Desappstre Keychain";
			sourceTree = "<group>";
		};
		912591E422553233006E5A28 /* Controllers */ = {
			isa = PBXGroup;
			children = (
				912591D422553217006E5A28 /* LoginViewController.swift */,
			);
			path = Controllers;
			sourceTree = "<group>";
		};
		912591E52255324C006E5A28 /* Resources */ = {
			isa = PBXGroup;
			children = (
				912591D92255321C006E5A28 /* Assets.xcassets */,
				912591E722553872006E5A28 /* AppColors.xcassets */,
			);
			path = Resources;
			sourceTree = "<group>";
		};
		912591E62255325B006E5A28 /* Views */ = {
			isa = PBXGroup;
			children = (
				912591DB2255321C006E5A28 /* LaunchScreen.storyboard */,
				912591D622553217006E5A28 /* Main.storyboard */,
			);
			path = Views;
			sourceTree = "<group>";
		};
		912591EF22553B88006E5A28 /* DesappstreSecureKit */ = {
			isa = PBXGroup;
			children = (
				912591FB22553BDC006E5A28 /* Controllers */,
				912591F022553B88006E5A28 /* DesappstreSecureKit.h */,
				912591F122553B88006E5A28 /* Info.plist */,
			);
			path = DesappstreSecureKit;
			sourceTree = "<group>";
		};
		912591FB22553BDC006E5A28 /* Controllers */ = {
			isa = PBXGroup;
			children = (
				912591FC22553BF3006E5A28 /* SecurityBC.swift */,
			);
			path = Controllers;
			sourceTree = "<group>";
		};
/* End PBXGroup section */

/* Begin PBXHeadersBuildPhase section */
		912591E922553B87006E5A28 /* Headers */ = {
			isa = PBXHeadersBuildPhase;
			buildActionMask = 2147483647;
			files = (
				912591F222553B88006E5A28 /* DesappstreSecureKit.h in Headers */,
			);
			runOnlyForDeploymentPostprocessing = 0;
		};
/* End PBXHeadersBuildPhase section */

/* Begin PBXNativeTarget section */
		912591CE22553217006E5A28 /* Desappstre Keychain */ = {
			isa = PBXNativeTarget;
			buildConfigurationList = 912591E12255321C006E5A28 /* Build configuration list for PBXNativeTarget "Desappstre Keychain" */;
			buildPhases = (
				912591CB22553217006E5A28 /* Sources */,
				912591CC22553217006E5A28 /* Frameworks */,
				912591CD22553217006E5A28 /* Resources */,
				912591FA22553B88006E5A28 /* Embed Frameworks */,
			);
			buildRules = (
			);
			dependencies = (
				912591F422553B88006E5A28 /* PBXTargetDependency */,
			);
			name = "Desappstre Keychain";
			productName = "Desappstre Keychain";
			productReference = 912591CF22553217006E5A28 /* Desappstre Keychain.app */;
			productType = "com.apple.product-type.application";
		};
		912591ED22553B87006E5A28 /* DesappstreSecureKit */ = {
			isa = PBXNativeTarget;
			buildConfigurationList = 912591F722553B88006E5A28 /* Build configuration list for PBXNativeTarget "DesappstreSecureKit" */;
			buildPhases = (
				912591E922553B87006E5A28 /* Headers */,
				912591EA22553B87006E5A28 /* Sources */,
				912591EB22553B87006E5A28 /* Frameworks */,
				912591EC22553B87006E5A28 /* Resources */,
			);
			buildRules = (
			);
			dependencies = (
			);
			name = DesappstreSecureKit;
			productName = DesappstreSecureKit;
			productReference = 912591EE22553B87006E5A28 /* DesappstreSecureKit.framework */;
			productType = "com.apple.product-type.framework";
		};
/* End PBXNativeTarget section */

/* Begin PBXProject section */
		912591C722553217006E5A28 /* Project object */ = {
			isa = PBXProject;
			attributes = {
				LastSwiftUpdateCheck = 1020;
				LastUpgradeCheck = 1020;
				ORGANIZATIONNAME = "desappstre {estudio}";
				TargetAttributes = {
					912591CE22553217006E5A28 = {
						CreatedOnToolsVersion = 10.2;
					};
					912591ED22553B87006E5A28 = {
						CreatedOnToolsVersion = 10.2;
						LastSwiftMigration = 1020;
					};
				};
			};
			buildConfigurationList = 912591CA22553217006E5A28 /* Build configuration list for PBXProject "Desappstre Keychain" */;
			compatibilityVersion = "Xcode 9.3";
			developmentRegion = en;
			hasScannedForEncodings = 0;
			knownRegions = (
				en,
				Base,
			);
			mainGroup = 912591C622553217006E5A28;
			productRefGroup = 912591D022553217006E5A28 /* Products */;
			projectDirPath = "";
			projectRoot = "";
			targets = (
				912591CE22553217006E5A28 /* Desappstre Keychain */,
				912591ED22553B87006E5A28 /* DesappstreSecureKit */,
			);
		};
/* End PBXProject section */

/* Begin PBXResourcesBuildPhase section */
		912591CD22553217006E5A28 /* Resources */ = {
			isa = PBXResourcesBuildPhase;
			buildActionMask = 2147483647;
			files = (
				912591DD2255321C006E5A28 /* LaunchScreen.storyboard in Resources */,
				912591E822553872006E5A28 /* AppColors.xcassets in Resources */,
				912591DA2255321C006E5A28 /* Assets.xcassets in Resources */,
				912591D822553217006E5A28 /* Main.storyboard in Resources */,
			);
			runOnlyForDeploymentPostprocessing = 0;
		};
		912591EC22553B87006E5A28 /* Resources */ = {
			isa = PBXResourcesBuildPhase;
			buildActionMask = 2147483647;
			files = (
			);
			runOnlyForDeploymentPostprocessing = 0;
		};
/* End PBXResourcesBuildPhase section */

/* Begin PBXSourcesBuildPhase section */
		912591CB22553217006E5A28 /* Sources */ = {
			isa = PBXSourcesBuildPhase;
			buildActionMask = 2147483647;
			files = (
				912591D522553217006E5A28 /* LoginViewController.swift in Sources */,
				912591D322553217006E5A28 /* AppDelegate.swift in Sources */,
			);
			runOnlyForDeploymentPostprocessing = 0;
		};
		912591EA22553B87006E5A28 /* Sources */ = {
			isa = PBXSourcesBuildPhase;
			buildActionMask = 2147483647;
			files = (
				912591FD22553BF3006E5A28 /* SecurityBC.swift in Sources */,
			);
			runOnlyForDeploymentPostprocessing = 0;
		};
/* End PBXSourcesBuildPhase section */

/* Begin PBXTargetDependency section */
		912591F422553B88006E5A28 /* PBXTargetDependency */ = {
			isa = PBXTargetDependency;
			target = 912591ED22553B87006E5A28 /* DesappstreSecureKit */;
			targetProxy = 912591F322553B88006E5A28 /* PBXContainerItemProxy */;
		};
/* End PBXTargetDependency section */

/* Begin PBXVariantGroup section */
		912591D622553217006E5A28 /* Main.storyboard */ = {
			isa = PBXVariantGroup;
			children = (
				912591D722553217006E5A28 /* Base */,
			);
			name = Main.storyboard;
			sourceTree = "<group>";
		};
		912591DB2255321C006E5A28 /* LaunchScreen.storyboard */ = {
			isa = PBXVariantGroup;
			children = (
				912591DC2255321C006E5A28 /* Base */,
			);
			name = LaunchScreen.storyboard;
			sourceTree = "<group>";
		};
/* End PBXVariantGroup section */

/* Begin XCBuildConfiguration section */
		912591DF2255321C006E5A28 /* Debug */ = {
			isa = XCBuildConfiguration;
			buildSettings = {
				ALWAYS_SEARCH_USER_PATHS = NO;
				CLANG_ANALYZER_NONNULL = YES;
				CLANG_ANALYZER_NUMBER_OBJECT_CONVERSION = YES_AGGRESSIVE;
				CLANG_CXX_LANGUAGE_STANDARD = "gnu++14";
				CLANG_CXX_LIBRARY = "libc++";
				CLANG_ENABLE_MODULES = YES;
				CLANG_ENABLE_OBJC_ARC = YES;
				CLANG_ENABLE_OBJC_WEAK = YES;
				CLANG_WARN_BLOCK_CAPTURE_AUTORELEASING = YES;
				CLANG_WARN_BOOL_CONVERSION = YES;
				CLANG_WARN_COMMA = YES;
				CLANG_WARN_CONSTANT_CONVERSION = YES;
				CLANG_WARN_DEPRECATED_OBJC_IMPLEMENTATIONS = YES;
				CLANG_WARN_DIRECT_OBJC_ISA_USAGE = YES_ERROR;
				CLANG_WARN_DOCUMENTATION_COMMENTS = YES;
				CLANG_WARN_EMPTY_BODY = YES;
				CLANG_WARN_ENUM_CONVERSION = YES;
				CLANG_WARN_INFINITE_RECURSION = YES;
				CLANG_WARN_INT_CONVERSION = YES;
				CLANG_WARN_NON_LITERAL_NULL_CONVERSION = YES;
				CLANG_WARN_OBJC_IMPLICIT_RETAIN_SELF = YES;
				CLANG_WARN_OBJC_LITERAL_CONVERSION = YES;
				CLANG_WARN_OBJC_ROOT_CLASS = YES_ERROR;
				CLANG_WARN_RANGE_LOOP_ANALYSIS = YES;
				CLANG_WARN_STRICT_PROTOTYPES = YES;
				CLANG_WARN_SUSPICIOUS_MOVE = YES;
				CLANG_WARN_UNGUARDED_AVAILABILITY = YES_AGGRESSIVE;
				CLANG_WARN_UNREACHABLE_CODE = YES;
				CLANG_WARN__DUPLICATE_METHOD_MATCH = YES;
				CODE_SIGN_IDENTITY = "iPhone Developer";
				COPY_PHASE_STRIP = NO;
				DEBUG_INFORMATION_FORMAT = dwarf;
				ENABLE_STRICT_OBJC_MSGSEND = YES;
				ENABLE_TESTABILITY = YES;
				GCC_C_LANGUAGE_STANDARD = gnu11;
				GCC_DYNAMIC_NO_PIC = NO;
				GCC_NO_COMMON_BLOCKS = YES;
				GCC_OPTIMIZATION_LEVEL = 0;
				GCC_PREPROCESSOR_DEFINITIONS = (
					"DEBUG=1",
					"$(inherited)",
				);
				GCC_WARN_64_TO_32_BIT_CONVERSION = YES;
				GCC_WARN_ABOUT_RETURN_TYPE = YES_ERROR;
				GCC_WARN_UNDECLARED_SELECTOR = YES;
				GCC_WARN_UNINITIALIZED_AUTOS = YES_AGGRESSIVE;
				GCC_WARN_UNUSED_FUNCTION = YES;
				GCC_WARN_UNUSED_VARIABLE = YES;
				IPHONEOS_DEPLOYMENT_TARGET = 12.2;
				MTL_ENABLE_DEBUG_INFO = INCLUDE_SOURCE;
				MTL_FAST_MATH = YES;
				ONLY_ACTIVE_ARCH = YES;
				SDKROOT = iphoneos;
				SWIFT_ACTIVE_COMPILATION_CONDITIONS = DEBUG;
				SWIFT_OPTIMIZATION_LEVEL = "-Onone";
			};
			name = Debug;
		};
		912591E02255321C006E5A28 /* Release */ = {
			isa = XCBuildConfiguration;
			buildSettings = {
				ALWAYS_SEARCH_USER_PATHS = NO;
				CLANG_ANALYZER_NONNULL = YES;
				CLANG_ANALYZER_NUMBER_OBJECT_CONVERSION = YES_AGGRESSIVE;
				CLANG_CXX_LANGUAGE_STANDARD = "gnu++14";
				CLANG_CXX_LIBRARY = "libc++";
				CLANG_ENABLE_MODULES = YES;
				CLANG_ENABLE_OBJC_ARC = YES;
				CLANG_ENABLE_OBJC_WEAK = YES;
				CLANG_WARN_BLOCK_CAPTURE_AUTORELEASING = YES;
				CLANG_WARN_BOOL_CONVERSION = YES;
				CLANG_WARN_COMMA = YES;
				CLANG_WARN_CONSTANT_CONVERSION = YES;
				CLANG_WARN_DEPRECATED_OBJC_IMPLEMENTATIONS = YES;
				CLANG_WARN_DIRECT_OBJC_ISA_USAGE = YES_ERROR;
				CLANG_WARN_DOCUMENTATION_COMMENTS = YES;
				CLANG_WARN_EMPTY_BODY = YES;
				CLANG_WARN_ENUM_CONVERSION = YES;
				CLANG_WARN_INFINITE_RECURSION = YES;
				CLANG_WARN_INT_CONVERSION = YES;
				CLANG_WARN_NON_LITERAL_NULL_CONVERSION = YES;
				CLANG_WARN_OBJC_IMPLICIT_RETAIN_SELF = YES;
				CLANG_WARN_OBJC_LITERAL_CONVERSION = YES;
				CLANG_WARN_OBJC_ROOT_CLASS = YES_ERROR;
				CLANG_WARN_RANGE_LOOP_ANALYSIS = YES;
				CLANG_WARN_STRICT_PROTOTYPES = YES;
				CLANG_WARN_SUSPICIOUS_MOVE = YES;
				CLANG_WARN_UNGUARDED_AVAILABILITY = YES_AGGRESSIVE;
				CLANG_WARN_UNREACHABLE_CODE = YES;
				CLANG_WARN__DUPLICATE_METHOD_MATCH = YES;
				CODE_SIGN_IDENTITY = "iPhone Developer";
				COPY_PHASE_STRIP = NO;
				DEBUG_INFORMATION_FORMAT = "dwarf-with-dsym";
				ENABLE_NS_ASSERTIONS = NO;
				ENABLE_STRICT_OBJC_MSGSEND = YES;
				GCC_C_LANGUAGE_STANDARD = gnu11;
				GCC_NO_COMMON_BLOCKS = YES;
				GCC_WARN_64_TO_32_BIT_CONVERSION = YES;
				GCC_WARN_ABOUT_RETURN_TYPE = YES_ERROR;
				GCC_WARN_UNDECLARED_SELECTOR = YES;
				GCC_WARN_UNINITIALIZED_AUTOS = YES_AGGRESSIVE;
				GCC_WARN_UNUSED_FUNCTION = YES;
				GCC_WARN_UNUSED_VARIABLE = YES;
				IPHONEOS_DEPLOYMENT_TARGET = 12.2;
				MTL_ENABLE_DEBUG_INFO = NO;
				MTL_FAST_MATH = YES;
				SDKROOT = iphoneos;
				SWIFT_COMPILATION_MODE = wholemodule;
				SWIFT_OPTIMIZATION_LEVEL = "-O";
				VALIDATE_PRODUCT = YES;
			};
			name = Release;
		};
		912591E22255321C006E5A28 /* Debug */ = {
			isa = XCBuildConfiguration;
			buildSettings = {
				ALWAYS_EMBED_SWIFT_STANDARD_LIBRARIES = YES;
				ASSETCATALOG_COMPILER_APPICON_NAME = AppIcon;
				CODE_SIGN_STYLE = Automatic;
				DEVELOPMENT_TEAM = KQUX9WVW3M;
				INFOPLIST_FILE = "Desappstre Keychain/Info.plist";
				LD_RUNPATH_SEARCH_PATHS = (
					"$(inherited)",
					"@executable_path/Frameworks",
				);
				PRODUCT_BUNDLE_IDENTIFIER = "com.desappstre.Desappstre-Keychain";
				PRODUCT_NAME = "$(TARGET_NAME)";
				SWIFT_VERSION = 5.0;
				TARGETED_DEVICE_FAMILY = "1,2";
			};
			name = Debug;
		};
		912591E32255321C006E5A28 /* Release */ = {
			isa = XCBuildConfiguration;
			buildSettings = {
				ALWAYS_EMBED_SWIFT_STANDARD_LIBRARIES = YES;
				ASSETCATALOG_COMPILER_APPICON_NAME = AppIcon;
				CODE_SIGN_STYLE = Automatic;
				DEVELOPMENT_TEAM = KQUX9WVW3M;
				INFOPLIST_FILE = "Desappstre Keychain/Info.plist";
				LD_RUNPATH_SEARCH_PATHS = (
					"$(inherited)",
					"@executable_path/Frameworks",
				);
				PRODUCT_BUNDLE_IDENTIFIER = "com.desappstre.Desappstre-Keychain";
				PRODUCT_NAME = "$(TARGET_NAME)";
				SWIFT_VERSION = 5.0;
				TARGETED_DEVICE_FAMILY = "1,2";
			};
			name = Release;
		};
		912591F822553B88006E5A28 /* Debug */ = {
			isa = XCBuildConfiguration;
			buildSettings = {
				CLANG_ENABLE_MODULES = YES;
				CODE_SIGN_IDENTITY = "";
				CODE_SIGN_STYLE = Automatic;
				CURRENT_PROJECT_VERSION = 1;
				DEFINES_MODULE = YES;
				DEVELOPMENT_TEAM = KQUX9WVW3M;
				DYLIB_COMPATIBILITY_VERSION = 1;
				DYLIB_CURRENT_VERSION = 1;
				DYLIB_INSTALL_NAME_BASE = "@rpath";
				INFOPLIST_FILE = DesappstreSecureKit/Info.plist;
				INSTALL_PATH = "$(LOCAL_LIBRARY_DIR)/Frameworks";
				LD_RUNPATH_SEARCH_PATHS = (
					"$(inherited)",
					"@executable_path/Frameworks",
					"@loader_path/Frameworks",
				);
				PRODUCT_BUNDLE_IDENTIFIER = com.desappstre.DesappstreSecureKit;
				PRODUCT_NAME = "$(TARGET_NAME:c99extidentifier)";
				SKIP_INSTALL = YES;
				SWIFT_OPTIMIZATION_LEVEL = "-Onone";
				SWIFT_VERSION = 5.0;
				TARGETED_DEVICE_FAMILY = "1,2";
				VERSIONING_SYSTEM = "apple-generic";
				VERSION_INFO_PREFIX = "";
			};
			name = Debug;
		};
		912591F922553B88006E5A28 /* Release */ = {
			isa = XCBuildConfiguration;
			buildSettings = {
				CLANG_ENABLE_MODULES = YES;
				CODE_SIGN_IDENTITY = "";
				CODE_SIGN_STYLE = Automatic;
				CURRENT_PROJECT_VERSION = 1;
				DEFINES_MODULE = YES;
				DEVELOPMENT_TEAM = KQUX9WVW3M;
				DYLIB_COMPATIBILITY_VERSION = 1;
				DYLIB_CURRENT_VERSION = 1;
				DYLIB_INSTALL_NAME_BASE = "@rpath";
				INFOPLIST_FILE = DesappstreSecureKit/Info.plist;
				INSTALL_PATH = "$(LOCAL_LIBRARY_DIR)/Frameworks";
				LD_RUNPATH_SEARCH_PATHS = (
					"$(inherited)",
					"@executable_path/Frameworks",
					"@loader_path/Frameworks",
				);
				PRODUCT_BUNDLE_IDENTIFIER = com.desappstre.DesappstreSecureKit;
				PRODUCT_NAME = "$(TARGET_NAME:c99extidentifier)";
				SKIP_INSTALL = YES;
				SWIFT_VERSION = 5.0;
				TARGETED_DEVICE_FAMILY = "1,2";
				VERSIONING_SYSTEM = "apple-generic";
				VERSION_INFO_PREFIX = "";
			};
			name = Release;
		};
/* End XCBuildConfiguration section */

/* Begin XCConfigurationList section */
		912591CA22553217006E5A28 /* Build configuration list for PBXProject "Desappstre Keychain" */ = {
			isa = XCConfigurationList;
			buildConfigurations = (
				912591DF2255321C006E5A28 /* Debug */,
				912591E02255321C006E5A28 /* Release */,
			);
			defaultConfigurationIsVisible = 0;
			defaultConfigurationName = Release;
		};
		912591E12255321C006E5A28 /* Build configuration list for PBXNativeTarget "Desappstre Keychain" */ = {
			isa = XCConfigurationList;
			buildConfigurations = (
				912591E22255321C006E5A28 /* Debug */,
				912591E32255321C006E5A28 /* Release */,
			);
			defaultConfigurationIsVisible = 0;
			defaultConfigurationName = Release;
		};
		912591F722553B88006E5A28 /* Build configuration list for PBXNativeTarget "DesappstreSecureKit" */ = {
			isa = XCConfigurationList;
			buildConfigurations = (
				912591F822553B88006E5A28 /* Debug */,
				912591F922553B88006E5A28 /* Release */,
			);
			defaultConfigurationIsVisible = 0;
			defaultConfigurationName = Release;
		};
/* End XCConfigurationList section */
	};
	rootObject = 912591C722553217006E5A28 /* Project object */;
}
